// !$*UTF8*$!
{
	archiveVersion = 1;
	classes = {
	};
	objectVersion = 55;
	objects = {

/* Begin PBXBuildFile section */
		C45B2D4C27D415DA00C589BF /* Tests_iOS.swift in Sources */ = {isa = PBXBuildFile; fileRef = C45B2D4B27D415DA00C589BF /* Tests_iOS.swift */; };
		C45B2D4E27D415DA00C589BF /* Tests_iOSLaunchTests.swift in Sources */ = {isa = PBXBuildFile; fileRef = C45B2D4D27D415DA00C589BF /* Tests_iOSLaunchTests.swift */; };
		C45B2D5B27D415DA00C589BF /* snoozeApp.swift in Sources */ = {isa = PBXBuildFile; fileRef = C45B2D3327D415D900C589BF /* snoozeApp.swift */; };
		C45B2D5D27D415DA00C589BF /* ContentView.swift in Sources */ = {isa = PBXBuildFile; fileRef = C45B2D3427D415D900C589BF /* ContentView.swift */; };
		C45B2D5F27D415DA00C589BF /* Assets.xcassets in Resources */ = {isa = PBXBuildFile; fileRef = C45B2D3527D415DA00C589BF /* Assets.xcassets */; };
/* End PBXBuildFile section */

/* Begin PBXContainerItemProxy section */
		C45B2D4827D415DA00C589BF /* PBXContainerItemProxy */ = {
			isa = PBXContainerItemProxy;
			containerPortal = C45B2D2E27D415D900C589BF /* Project object */;
			proxyType = 1;
			remoteGlobalIDString = C45B2D3927D415DA00C589BF;
			remoteInfo = "snooze (iOS)";
		};
/* End PBXContainerItemProxy section */

/* Begin PBXFileReference section */
		C45B2D3327D415D900C589BF /* snoozeApp.swift */ = {isa = PBXFileReference; lastKnownFileType = sourcecode.swift; path = snoozeApp.swift; sourceTree = "<group>"; };
		C45B2D3427D415D900C589BF /* ContentView.swift */ = {isa = PBXFileReference; lastKnownFileType = sourcecode.swift; path = ContentView.swift; sourceTree = "<group>"; };
		C45B2D3527D415DA00C589BF /* Assets.xcassets */ = {isa = PBXFileReference; lastKnownFileType = folder.assetcatalog; path = Assets.xcassets; sourceTree = "<group>"; };
		C45B2D3A27D415DA00C589BF /* snooze.app */ = {isa = PBXFileReference; explicitFileType = wrapper.application; includeInIndex = 0; path = snooze.app; sourceTree = BUILT_PRODUCTS_DIR; };
		C45B2D4727D415DA00C589BF /* Tests iOS.xctest */ = {isa = PBXFileReference; explicitFileType = wrapper.cfbundle; includeInIndex = 0; path = "Tests iOS.xctest"; sourceTree = BUILT_PRODUCTS_DIR; };
		C45B2D4B27D415DA00C589BF /* Tests_iOS.swift */ = {isa = PBXFileReference; lastKnownFileType = sourcecode.swift; path = Tests_iOS.swift; sourceTree = "<group>"; };
		C45B2D4D27D415DA00C589BF /* Tests_iOSLaunchTests.swift */ = {isa = PBXFileReference; lastKnownFileType = sourcecode.swift; path = Tests_iOSLaunchTests.swift; sourceTree = "<group>"; };
		C45B2D7027D4190600C589BF /* Secrets.xcconfig */ = {isa = PBXFileReference; lastKnownFileType = text.xcconfig; path = Secrets.xcconfig; sourceTree = "<group>"; };
		C45B2D7127D41A4500C589BF /* snooze--iOS--Info.plist */ = {isa = PBXFileReference; lastKnownFileType = text.plist.xml; path = "snooze--iOS--Info.plist"; sourceTree = "<group>"; };
/* End PBXFileReference section */

/* Begin PBXFrameworksBuildPhase section */
		C45B2D3727D415DA00C589BF /* Frameworks */ = {
			isa = PBXFrameworksBuildPhase;
			buildActionMask = 2147483647;
			files = (
			);
			runOnlyForDeploymentPostprocessing = 0;
		};
		C45B2D4427D415DA00C589BF /* Frameworks */ = {
			isa = PBXFrameworksBuildPhase;
			buildActionMask = 2147483647;
			files = (
			);
			runOnlyForDeploymentPostprocessing = 0;
		};
/* End PBXFrameworksBuildPhase section */

/* Begin PBXGroup section */
		C45B2D2D27D415D900C589BF = {
			isa = PBXGroup;
			children = (
				C45B2D7227D41DF000C589BF /* Configuration */,
				C45B2D6F27D418BA00C589BF /* Resources */,
				C45B2D3327D415D900C589BF /* snoozeApp.swift */,
				C45B2D3227D415D900C589BF /* Views */,
				C45B2D4A27D415DA00C589BF /* Tests */,
				C45B2D3B27D415DA00C589BF /* Products */,
			);
			sourceTree = "<group>";
		};
		C45B2D3227D415D900C589BF /* Views */ = {
			isa = PBXGroup;
			children = (
				C45B2D3427D415D900C589BF /* ContentView.swift */,
			);
			path = Views;
			sourceTree = "<group>";
		};
		C45B2D3B27D415DA00C589BF /* Products */ = {
			isa = PBXGroup;
			children = (
				C45B2D3A27D415DA00C589BF /* snooze.app */,
				C45B2D4727D415DA00C589BF /* Tests iOS.xctest */,
			);
			name = Products;
			sourceTree = "<group>";
		};
		C45B2D4A27D415DA00C589BF /* Tests */ = {
			isa = PBXGroup;
			children = (
				C45B2D4B27D415DA00C589BF /* Tests_iOS.swift */,
				C45B2D4D27D415DA00C589BF /* Tests_iOSLaunchTests.swift */,
			);
			path = Tests;
			sourceTree = "<group>";
		};
		C45B2D6F27D418BA00C589BF /* Resources */ = {
			isa = PBXGroup;
			children = (
				C45B2D3527D415DA00C589BF /* Assets.xcassets */,
			);
			path = Resources;
			sourceTree = "<group>";
		};
		C45B2D7227D41DF000C589BF /* Configuration */ = {
			isa = PBXGroup;
			children = (
				C45B2D7127D41A4500C589BF /* snooze--iOS--Info.plist */,
				C45B2D7027D4190600C589BF /* Secrets.xcconfig */,
			);
			path = Configuration;
			sourceTree = "<group>";
		};
/* End PBXGroup section */

/* Begin PBXNativeTarget section */
		C45B2D3927D415DA00C589BF /* snooze (iOS) */ = {
			isa = PBXNativeTarget;
			buildConfigurationList = C45B2D6327D415DA00C589BF /* Build configuration list for PBXNativeTarget "snooze (iOS)" */;
			buildPhases = (
				C45B2D3627D415DA00C589BF /* Sources */,
				C45B2D3727D415DA00C589BF /* Frameworks */,
				C45B2D3827D415DA00C589BF /* Resources */,
			);
			buildRules = (
			);
			dependencies = (
			);
			name = "snooze (iOS)";
			productName = "snooze (iOS)";
			productReference = C45B2D3A27D415DA00C589BF /* snooze.app */;
			productType = "com.apple.product-type.application";
		};
		C45B2D4627D415DA00C589BF /* Tests iOS */ = {
			isa = PBXNativeTarget;
			buildConfigurationList = C45B2D6927D415DA00C589BF /* Build configuration list for PBXNativeTarget "Tests iOS" */;
			buildPhases = (
				C45B2D4327D415DA00C589BF /* Sources */,
				C45B2D4427D415DA00C589BF /* Frameworks */,
				C45B2D4527D415DA00C589BF /* Resources */,
			);
			buildRules = (
			);
			dependencies = (
				C45B2D4927D415DA00C589BF /* PBXTargetDependency */,
			);
			name = "Tests iOS";
			productName = "Tests iOS";
			productReference = C45B2D4727D415DA00C589BF /* Tests iOS.xctest */;
			productType = "com.apple.product-type.bundle.ui-testing";
		};
/* End PBXNativeTarget section */

/* Begin PBXProject section */
		C45B2D2E27D415D900C589BF /* Project object */ = {
			isa = PBXProject;
			attributes = {
				BuildIndependentTargetsInParallel = 1;
				LastSwiftUpdateCheck = 1320;
				LastUpgradeCheck = 1320;
				TargetAttributes = {
					C45B2D3927D415DA00C589BF = {
						CreatedOnToolsVersion = 13.2.1;
					};
					C45B2D4627D415DA00C589BF = {
						CreatedOnToolsVersion = 13.2.1;
						TestTargetID = C45B2D3927D415DA00C589BF;
					};
				};
			};
			buildConfigurationList = C45B2D3127D415D900C589BF /* Build configuration list for PBXProject "snooze" */;
			compatibilityVersion = "Xcode 13.0";
			developmentRegion = en;
			hasScannedForEncodings = 0;
			knownRegions = (
				en,
				Base,
			);
			mainGroup = C45B2D2D27D415D900C589BF;
			productRefGroup = C45B2D3B27D415DA00C589BF /* Products */;
			projectDirPath = "";
			projectRoot = "";
			targets = (
				C45B2D3927D415DA00C589BF /* snooze (iOS) */,
				C45B2D4627D415DA00C589BF /* Tests iOS */,
			);
		};
/* End PBXProject section */

/* Begin PBXResourcesBuildPhase section */
		C45B2D3827D415DA00C589BF /* Resources */ = {
			isa = PBXResourcesBuildPhase;
			buildActionMask = 2147483647;
			files = (
				C45B2D5F27D415DA00C589BF /* Assets.xcassets in Resources */,
			);
			runOnlyForDeploymentPostprocessing = 0;
		};
		C45B2D4527D415DA00C589BF /* Resources */ = {
			isa = PBXResourcesBuildPhase;
			buildActionMask = 2147483647;
			files = (
			);
			runOnlyForDeploymentPostprocessing = 0;
		};
/* End PBXResourcesBuildPhase section */

/* Begin PBXSourcesBuildPhase section */
		C45B2D3627D415DA00C589BF /* Sources */ = {
			isa = PBXSourcesBuildPhase;
			buildActionMask = 2147483647;
			files = (
				C45B2D5D27D415DA00C589BF /* ContentView.swift in Sources */,
				C45B2D5B27D415DA00C589BF /* snoozeApp.swift in Sources */,
			);
			runOnlyForDeploymentPostprocessing = 0;
		};
		C45B2D4327D415DA00C589BF /* Sources */ = {
			isa = PBXSourcesBuildPhase;
			buildActionMask = 2147483647;
			files = (
				C45B2D4E27D415DA00C589BF /* Tests_iOSLaunchTests.swift in Sources */,
				C45B2D4C27D415DA00C589BF /* Tests_iOS.swift in Sources */,
			);
			runOnlyForDeploymentPostprocessing = 0;
		};
/* End PBXSourcesBuildPhase section */

/* Begin PBXTargetDependency section */
		C45B2D4927D415DA00C589BF /* PBXTargetDependency */ = {
			isa = PBXTargetDependency;
			target = C45B2D3927D415DA00C589BF /* snooze (iOS) */;
			targetProxy = C45B2D4827D415DA00C589BF /* PBXContainerItemProxy */;
		};
/* End PBXTargetDependency section */

/* Begin XCBuildConfiguration section */
		C45B2D6127D415DA00C589BF /* Debug */ = {
			isa = XCBuildConfiguration;
			baseConfigurationReference = C45B2D7027D4190600C589BF /* Secrets.xcconfig */;
			buildSettings = {
				ALWAYS_SEARCH_USER_PATHS = NO;
				CLANG_ANALYZER_NONNULL = YES;
				CLANG_ANALYZER_NUMBER_OBJECT_CONVERSION = YES_AGGRESSIVE;
				CLANG_CXX_LANGUAGE_STANDARD = "gnu++17";
				CLANG_CXX_LIBRARY = "libc++";
				CLANG_ENABLE_MODULES = YES;
				CLANG_ENABLE_OBJC_ARC = YES;
				CLANG_ENABLE_OBJC_WEAK = YES;
				CLANG_WARN_BLOCK_CAPTURE_AUTORELEASING = YES;
				CLANG_WARN_BOOL_CONVERSION = YES;
				CLANG_WARN_COMMA = YES;
				CLANG_WARN_CONSTANT_CONVERSION = YES;
				CLANG_WARN_DEPRECATED_OBJC_IMPLEMENTATIONS = YES;
				CLANG_WARN_DIRECT_OBJC_ISA_USAGE = YES_ERROR;
				CLANG_WARN_DOCUMENTATION_COMMENTS = YES;
				CLANG_WARN_EMPTY_BODY = YES;
				CLANG_WARN_ENUM_CONVERSION = YES;
				CLANG_WARN_INFINITE_RECURSION = YES;
				CLANG_WARN_INT_CONVERSION = YES;
				CLANG_WARN_NON_LITERAL_NULL_CONVERSION = YES;
				CLANG_WARN_OBJC_IMPLICIT_RETAIN_SELF = YES;
				CLANG_WARN_OBJC_LITERAL_CONVERSION = YES;
				CLANG_WARN_OBJC_ROOT_CLASS = YES_ERROR;
				CLANG_WARN_QUOTED_INCLUDE_IN_FRAMEWORK_HEADER = YES;
				CLANG_WARN_RANGE_LOOP_ANALYSIS = YES;
				CLANG_WARN_STRICT_PROTOTYPES = YES;
				CLANG_WARN_SUSPICIOUS_MOVE = YES;
				CLANG_WARN_UNGUARDED_AVAILABILITY = YES_AGGRESSIVE;
				CLANG_WARN_UNREACHABLE_CODE = YES;
				CLANG_WARN__DUPLICATE_METHOD_MATCH = YES;
				COPY_PHASE_STRIP = NO;
				DEBUG_INFORMATION_FORMAT = dwarf;
				ENABLE_STRICT_OBJC_MSGSEND = YES;
				ENABLE_TESTABILITY = YES;
				GCC_C_LANGUAGE_STANDARD = gnu11;
				GCC_DYNAMIC_NO_PIC = NO;
				GCC_NO_COMMON_BLOCKS = YES;
				GCC_OPTIMIZATION_LEVEL = 0;
				GCC_PREPROCESSOR_DEFINITIONS = (
					"DEBUG=1",
					"$(inherited)",
				);
				GCC_WARN_64_TO_32_BIT_CONVERSION = YES;
				GCC_WARN_ABOUT_RETURN_TYPE = YES_ERROR;
				GCC_WARN_UNDECLARED_SELECTOR = YES;
				GCC_WARN_UNINITIALIZED_AUTOS = YES_AGGRESSIVE;
				GCC_WARN_UNUSED_FUNCTION = YES;
				GCC_WARN_UNUSED_VARIABLE = YES;
				MTL_ENABLE_DEBUG_INFO = INCLUDE_SOURCE;
				MTL_FAST_MATH = YES;
				ONLY_ACTIVE_ARCH = YES;
				SWIFT_ACTIVE_COMPILATION_CONDITIONS = DEBUG;
				SWIFT_OPTIMIZATION_LEVEL = "-Onone";
			};
			name = Debug;
		};
		C45B2D6227D415DA00C589BF /* Release */ = {
			isa = XCBuildConfiguration;
			baseConfigurationReference = C45B2D7027D4190600C589BF /* Secrets.xcconfig */;
			buildSettings = {
				ALWAYS_SEARCH_USER_PATHS = NO;
				CLANG_ANALYZER_NONNULL = YES;
				CLANG_ANALYZER_NUMBER_OBJECT_CONVERSION = YES_AGGRESSIVE;
				CLANG_CXX_LANGUAGE_STANDARD = "gnu++17";
				CLANG_CXX_LIBRARY = "libc++";
				CLANG_ENABLE_MODULES = YES;
				CLANG_ENABLE_OBJC_ARC = YES;
				CLANG_ENABLE_OBJC_WEAK = YES;
				CLANG_WARN_BLOCK_CAPTURE_AUTORELEASING = YES;
				CLANG_WARN_BOOL_CONVERSION = YES;
				CLANG_WARN_COMMA = YES;
				CLANG_WARN_CONSTANT_CONVERSION = YES;
				CLANG_WARN_DEPRECATED_OBJC_IMPLEMENTATIONS = YES;
				CLANG_WARN_DIRECT_OBJC_ISA_USAGE = YES_ERROR;
				CLANG_WARN_DOCUMENTATION_COMMENTS = YES;
				CLANG_WARN_EMPTY_BODY = YES;
				CLANG_WARN_ENUM_CONVERSION = YES;
				CLANG_WARN_INFINITE_RECURSION = YES;
				CLANG_WARN_INT_CONVERSION = YES;
				CLANG_WARN_NON_LITERAL_NULL_CONVERSION = YES;
				CLANG_WARN_OBJC_IMPLICIT_RETAIN_SELF = YES;
				CLANG_WARN_OBJC_LITERAL_CONVERSION = YES;
				CLANG_WARN_OBJC_ROOT_CLASS = YES_ERROR;
				CLANG_WARN_QUOTED_INCLUDE_IN_FRAMEWORK_HEADER = YES;
				CLANG_WARN_RANGE_LOOP_ANALYSIS = YES;
				CLANG_WARN_STRICT_PROTOTYPES = YES;
				CLANG_WARN_SUSPICIOUS_MOVE = YES;
				CLANG_WARN_UNGUARDED_AVAILABILITY = YES_AGGRESSIVE;
				CLANG_WARN_UNREACHABLE_CODE = YES;
				CLANG_WARN__DUPLICATE_METHOD_MATCH = YES;
				COPY_PHASE_STRIP = NO;
				DEBUG_INFORMATION_FORMAT = "dwarf-with-dsym";
				ENABLE_NS_ASSERTIONS = NO;
				ENABLE_STRICT_OBJC_MSGSEND = YES;
				GCC_C_LANGUAGE_STANDARD = gnu11;
				GCC_NO_COMMON_BLOCKS = YES;
				GCC_WARN_64_TO_32_BIT_CONVERSION = YES;
				GCC_WARN_ABOUT_RETURN_TYPE = YES_ERROR;
				GCC_WARN_UNDECLARED_SELECTOR = YES;
				GCC_WARN_UNINITIALIZED_AUTOS = YES_AGGRESSIVE;
				GCC_WARN_UNUSED_FUNCTION = YES;
				GCC_WARN_UNUSED_VARIABLE = YES;
				MTL_ENABLE_DEBUG_INFO = NO;
				MTL_FAST_MATH = YES;
				SWIFT_COMPILATION_MODE = wholemodule;
				SWIFT_OPTIMIZATION_LEVEL = "-O";
			};
			name = Release;
		};
		C45B2D6427D415DA00C589BF /* Debug */ = {
			isa = XCBuildConfiguration;
			baseConfigurationReference = C45B2D7027D4190600C589BF /* Secrets.xcconfig */;
			buildSettings = {
				ASSETCATALOG_COMPILER_APPICON_NAME = AppIcon;
				ASSETCATALOG_COMPILER_GLOBAL_ACCENT_COLOR_NAME = AccentColor;
				CODE_SIGN_STYLE = Automatic;
				CURRENT_PROJECT_VERSION = 1;
				ENABLE_PREVIEWS = YES;
				GENERATE_INFOPLIST_FILE = YES;
				INFOPLIST_FILE = "snooze--iOS--Info.plist";
				INFOPLIST_KEY_UIApplicationSceneManifest_Generation = YES;
				INFOPLIST_KEY_UIApplicationSupportsIndirectInputEvents = YES;
				INFOPLIST_KEY_UILaunchScreen_Generation = YES;
				INFOPLIST_KEY_UISupportedInterfaceOrientations_iPad = "UIInterfaceOrientationPortrait UIInterfaceOrientationPortraitUpsideDown UIInterfaceOrientationLandscapeLeft UIInterfaceOrientationLandscapeRight";
				INFOPLIST_KEY_UISupportedInterfaceOrientations_iPhone = "UIInterfaceOrientationPortrait UIInterfaceOrientationLandscapeLeft UIInterfaceOrientationLandscapeRight";
				IPHONEOS_DEPLOYMENT_TARGET = 15.2;
				LD_RUNPATH_SEARCH_PATHS = (
					"$(inherited)",
					"@executable_path/Frameworks",
				);
				MARKETING_VERSION = 1.0;
				PRODUCT_BUNDLE_IDENTIFIER = derekquinn.snooze;
				PRODUCT_NAME = snooze;
				SDKROOT = iphoneos;
				SWIFT_EMIT_LOC_STRINGS = YES;
				SWIFT_VERSION = 5.0;
				TARGETED_DEVICE_FAMILY = "1,2";
			};
			name = Debug;
		};
		C45B2D6527D415DA00C589BF /* Release */ = {
			isa = XCBuildConfiguration;
			baseConfigurationReference = C45B2D7027D4190600C589BF /* Secrets.xcconfig */;
			buildSettings = {
				ASSETCATALOG_COMPILER_APPICON_NAME = AppIcon;
				ASSETCATALOG_COMPILER_GLOBAL_ACCENT_COLOR_NAME = AccentColor;
				CODE_SIGN_STYLE = Automatic;
				CURRENT_PROJECT_VERSION = 1;
				ENABLE_PREVIEWS = YES;
				GENERATE_INFOPLIST_FILE = YES;
				INFOPLIST_FILE = "snooze--iOS--Info.plist";
				INFOPLIST_KEY_UIApplicationSceneManifest_Generation = YES;
				INFOPLIST_KEY_UIApplicationSupportsIndirectInputEvents = YES;
				INFOPLIST_KEY_UILaunchScreen_Generation = YES;
				INFOPLIST_KEY_UISupportedInterfaceOrientations_iPad = "UIInterfaceOrientationPortrait UIInterfaceOrientationPortraitUpsideDown UIInterfaceOrientationLandscapeLeft UIInterfaceOrientationLandscapeRight";
				INFOPLIST_KEY_UISupportedInterfaceOrientations_iPhone = "UIInterfaceOrientationPortrait UIInterfaceOrientationLandscapeLeft UIInterfaceOrientationLandscapeRight";
				IPHONEOS_DEPLOYMENT_TARGET = 15.2;
				LD_RUNPATH_SEARCH_PATHS = (
					"$(inherited)",
					"@executable_path/Frameworks",
				);
				MARKETING_VERSION = 1.0;
				PRODUCT_BUNDLE_IDENTIFIER = derekquinn.snooze;
				PRODUCT_NAME = snooze;
				SDKROOT = iphoneos;
				SWIFT_EMIT_LOC_STRINGS = YES;
				SWIFT_VERSION = 5.0;
				TARGETED_DEVICE_FAMILY = "1,2";
				VALIDATE_PRODUCT = YES;
			};
			name = Release;
		};
		C45B2D6A27D415DA00C589BF /* Debug */ = {
			isa = XCBuildConfiguration;
			baseConfigurationReference = C45B2D7027D4190600C589BF /* Secrets.xcconfig */;
			buildSettings = {
				ALWAYS_EMBED_SWIFT_STANDARD_LIBRARIES = YES;
				CODE_SIGN_STYLE = Automatic;
				CURRENT_PROJECT_VERSION = 1;
				GENERATE_INFOPLIST_FILE = YES;
				IPHONEOS_DEPLOYMENT_TARGET = 15.2;
				MARKETING_VERSION = 1.0;
				PRODUCT_BUNDLE_IDENTIFIER = "derekquinn.Tests-iOS";
				PRODUCT_NAME = "$(TARGET_NAME)";
				SDKROOT = iphoneos;
				SWIFT_EMIT_LOC_STRINGS = NO;
				SWIFT_VERSION = 5.0;
				TARGETED_DEVICE_FAMILY = "1,2";
				TEST_TARGET_NAME = "snooze (iOS)";
			};
			name = Debug;
		};
		C45B2D6B27D415DA00C589BF /* Release */ = {
			isa = XCBuildConfiguration;
			baseConfigurationReference = C45B2D7027D4190600C589BF /* Secrets.xcconfig */;
			buildSettings = {
				ALWAYS_EMBED_SWIFT_STANDARD_LIBRARIES = YES;
				CODE_SIGN_STYLE = Automatic;
				CURRENT_PROJECT_VERSION = 1;
				GENERATE_INFOPLIST_FILE = YES;
				IPHONEOS_DEPLOYMENT_TARGET = 15.2;
				MARKETING_VERSION = 1.0;
				PRODUCT_BUNDLE_IDENTIFIER = "derekquinn.Tests-iOS";
				PRODUCT_NAME = "$(TARGET_NAME)";
				SDKROOT = iphoneos;
				SWIFT_EMIT_LOC_STRINGS = NO;
				SWIFT_VERSION = 5.0;
				TARGETED_DEVICE_FAMILY = "1,2";
				TEST_TARGET_NAME = "snooze (iOS)";
				VALIDATE_PRODUCT = YES;
			};
			name = Release;
		};
/* End XCBuildConfiguration section */

/* Begin XCConfigurationList section */
		C45B2D3127D415D900C589BF /* Build configuration list for PBXProject "snooze" */ = {
			isa = XCConfigurationList;
			buildConfigurations = (
				C45B2D6127D415DA00C589BF /* Debug */,
				C45B2D6227D415DA00C589BF /* Release */,
			);
			defaultConfigurationIsVisible = 0;
			defaultConfigurationName = Release;
		};
		C45B2D6327D415DA00C589BF /* Build configuration list for PBXNativeTarget "snooze (iOS)" */ = {
			isa = XCConfigurationList;
			buildConfigurations = (
				C45B2D6427D415DA00C589BF /* Debug */,
				C45B2D6527D415DA00C589BF /* Release */,
			);
			defaultConfigurationIsVisible = 0;
			defaultConfigurationName = Release;
		};
		C45B2D6927D415DA00C589BF /* Build configuration list for PBXNativeTarget "Tests iOS" */ = {
			isa = XCConfigurationList;
			buildConfigurations = (
				C45B2D6A27D415DA00C589BF /* Debug */,
				C45B2D6B27D415DA00C589BF /* Release */,
			);
			defaultConfigurationIsVisible = 0;
			defaultConfigurationName = Release;
		};
/* End XCConfigurationList section */
	};
	rootObject = C45B2D2E27D415D900C589BF /* Project object */;
}
